{
  "nodes": {
    "fenix": {
      "inputs": {
        "nixpkgs": "nixpkgs",
        "rust-analyzer-src": "rust-analyzer-src"
      },
      "locked": {
        "lastModified": 1730961036,
        "narHash": "sha256-nkho9Dq4WzyF4xr83UdxrlDS5Sm7ZKkPaqGVupLOpOI=",
        "owner": "nix-community",
        "repo": "fenix",
        "rev": "9bf50cb857db8dba15528f3905e271d948cbff06",
        "type": "github"
      },
      "original": {
        "id": "fenix",
        "type": "indirect"
      }
    },
    "nixpkgs": {
      "locked": {
        "lastModified": 1730785428,
        "narHash": "sha256-Zwl8YgTVJTEum+L+0zVAWvXAGbWAuXHax3KzuejaDyo=",
        "owner": "nixos",
        "repo": "nixpkgs",
        "rev": "4aa36568d413aca0ea84a1684d2d46f55dbabad7",
        "type": "github"
      },
      "original": {
        "owner": "nixos",
        "ref": "nixos-unstable",
        "repo": "nixpkgs",
        "type": "github"
      }
    },
    "nixpkgs_2": {
      "locked": {
        "lastModified": 1727631725,
        "narHash": "sha256-3BhOfmcg9Pxjm/kU+IVYe76CvHL6zArK9ktlCJeP06E=",
        "path": "/nix/store/yz6iyk5c1hvrsw1akb4j0byla8hhwjjc-source",
        "rev": "b5c4f45cfcaa5a44632c7119922987e131249cd2",
        "type": "path"
      },
      "original": {
        "id": "nixpkgs",
        "type": "indirect"
      }
    },
    "root": {
      "inputs": {
        "fenix": "fenix",
        "nixpkgs": "nixpkgs_2",
        "systems": "systems"
      }
    },
    "rust-analyzer-src": {
      "flake": false,
      "locked": {
        "lastModified": 1730749868,
        "narHash": "sha256-b8UMpLh61z6T4J1NObustAuFGoJiAKBTaPTrEf3Amts=",
        "owner": "rust-lang",
        "repo": "rust-analyzer",
        "rev": "b51f9bc736dc0472481a47d7c05de2901323e543",
        "type": "github"
      },
      "original": {
        "owner": "rust-lang",
        "ref": "nightly",
        "repo": "rust-analyzer",
        "type": "github"
      }
    },
    "systems": {
      "locked": {
        "lastModified": 1681028828,
        "narHash": "sha256-Vy1rq5AaRuLzOxct8nz4T6wlgyUR7zLU309k9mBC768=",
        "owner": "nix-systems",
        "repo": "default",
        "rev": "da67096a3b9bf56a91d16901293e51ba5b49a27e",
        "type": "github"
      },
      "original": {
        "id": "systems",
        "type": "indirect"
      }
    }
  },
  "root": "root",
  "version": 7
}
